
Microsoft Visual Studio Solution File, Format Version 12.00
# Visual Studio Version 17
VisualStudioVersion = 17.1.32407.343
MinimumVisualStudioVersion = 10.0.40219.1
Project("{9A19103F-16F7-4668-BE54-9A1E7A4F7556}") = "E-MailService", "E-MailService.csproj", "{C8C01255-7181-4BB4-879B-79C19AF50F2E}"
EndProject
Project("{9A19103F-16F7-4668-BE54-9A1E7A4F7556}") = "Entities", "..\Entities\Entities.csproj", "{C47E182A-28B8-413D-9A53-51B13DAA2510}"
EndProject
Project("{9A19103F-16F7-4668-BE54-9A1E7A4F7556}") = "Business", "..\Business\Business.csproj", "{089E940B-12E5-481A-9A9D-2BD5DC4DA24F}"
EndProject
Project("{9A19103F-16F7-4668-BE54-9A1E7A4F7556}") = "DataAccess", "..\DataAccess\DataAccess.csproj", "{6E2E7AF4-ECC0-4411-9D8A-561A9899A2C6}"
EndProject
Project("{9A19103F-16F7-4668-BE54-9A1E7A4F7556}") = "Update", "..\Update\Update.csproj", "{A2F2FD06-D1C0-418C-B694-EA16E7880900}"
EndProject
Project("{9A19103F-16F7-4668-BE54-9A1E7A4F7556}") = "UpdateSystem", "..\UpdateSystem\UpdateSystem.csproj", "{44805CCD-9FFA-477B-939A-93F8CBE7EC28}"
EndProject
Project("{9A19103F-16F7-4668-BE54-9A1E7A4F7556}") = "Core", "..\Core\Core.csproj", "{A152FF01-F644-4462-87AD-20D0D740B258}"
EndProject
Project("{54435603-DBB4-11D2-8724-00A0C9A8B90C}") = "Setup", "..\Setup\Setup.vdproj", "{266923A3-3D48-483F-B976-8A9560A11FAC}"
EndProject
Global
	GlobalSection(SolutionConfigurationPlatforms) = preSolution
		Debug|Any CPU = Debug|Any CPU
		Release|Any CPU = Release|Any CPU
	EndGlobalSection
	GlobalSection(ProjectConfigurationPlatforms) = postSolution
		{C8C01255-7181-4BB4-879B-79C19AF50F2E}.Debug|Any CPU.ActiveCfg = Release|Any CPU
		{C8C01255-7181-4BB4-879B-79C19AF50F2E}.Debug|Any CPU.Build.0 = Release|Any CPU
		{C8C01255-7181-4BB4-879B-79C19AF50F2E}.Release|Any CPU.ActiveCfg = Release|Any CPU
		{C8C01255-7181-4BB4-879B-79C19AF50F2E}.Release|Any CPU.Build.0 = Release|Any CPU
		{C47E182A-28B8-413D-9A53-51B13DAA2510}.Debug|Any CPU.ActiveCfg = Release|Any CPU
		{C47E182A-28B8-413D-9A53-51B13DAA2510}.Debug|Any CPU.Build.0 = Release|Any CPU
		{C47E182A-28B8-413D-9A53-51B13DAA2510}.Release|Any CPU.ActiveCfg = Release|Any CPU
		{C47E182A-28B8-413D-9A53-51B13DAA2510}.Release|Any CPU.Build.0 = Release|Any CPU
		{089E940B-12E5-481A-9A9D-2BD5DC4DA24F}.Debug|Any CPU.ActiveCfg = Release|Any CPU
		{089E940B-12E5-481A-9A9D-2BD5DC4DA24F}.Debug|Any CPU.Build.0 = Release|Any CPU
		{089E940B-12E5-481A-9A9D-2BD5DC4DA24F}.Release|Any CPU.ActiveCfg = Release|Any CPU
		{089E940B-12E5-481A-9A9D-2BD5DC4DA24F}.Release|Any CPU.Build.0 = Release|Any CPU
		{6E2E7AF4-ECC0-4411-9D8A-561A9899A2C6}.Debug|Any CPU.ActiveCfg = Release|Any CPU
		{6E2E7AF4-ECC0-4411-9D8A-561A9899A2C6}.Debug|Any CPU.Build.0 = Release|Any CPU
		{6E2E7AF4-ECC0-4411-9D8A-561A9899A2C6}.Release|Any CPU.ActiveCfg = Release|Any CPU
		{6E2E7AF4-ECC0-4411-9D8A-561A9899A2C6}.Release|Any CPU.Build.0 = Release|Any CPU
		{A2F2FD06-D1C0-418C-B694-EA16E7880900}.Debug|Any CPU.ActiveCfg = Release|Any CPU
		{A2F2FD06-D1C0-418C-B694-EA16E7880900}.Debug|Any CPU.Build.0 = Release|Any CPU
		{A2F2FD06-D1C0-418C-B694-EA16E7880900}.Release|Any CPU.ActiveCfg = Release|Any CPU
		{A2F2FD06-D1C0-418C-B694-EA16E7880900}.Release|Any CPU.Build.0 = Release|Any CPU
		{44805CCD-9FFA-477B-939A-93F8CBE7EC28}.Debug|Any CPU.ActiveCfg = Debug|Any CPU
		{44805CCD-9FFA-477B-939A-93F8CBE7EC28}.Debug|Any CPU.Build.0 = Debug|Any CPU
		{44805CCD-9FFA-477B-939A-93F8CBE7EC28}.Release|Any CPU.ActiveCfg = Release|Any CPU
		{44805CCD-9FFA-477B-939A-93F8CBE7EC28}.Release|Any CPU.Build.0 = Release|Any CPU
		{A152FF01-F644-4462-87AD-20D0D740B258}.Debug|Any CPU.ActiveCfg = Release|Any CPU
		{A152FF01-F644-4462-87AD-20D0D740B258}.Debug|Any CPU.Build.0 = Release|Any CPU
		{A152FF01-F644-4462-87AD-20D0D740B258}.Release|Any CPU.ActiveCfg = Release|Any CPU
		{A152FF01-F644-4462-87AD-20D0D740B258}.Release|Any CPU.Build.0 = Release|Any CPU
		{266923A3-3D48-483F-B976-8A9560A11FAC}.Debug|Any CPU.ActiveCfg = Release
		{266923A3-3D48-483F-B976-8A9560A11FAC}.Release|Any CPU.ActiveCfg = Release
	EndGlobalSection
	GlobalSection(SolutionProperties) = preSolution
		HideSolutionNode = FALSE
	EndGlobalSection
	GlobalSection(ExtensibilityGlobals) = postSolution
		SolutionGuid = {1244236D-E90F-418F-9547-D633888F39AA}
	EndGlobalSection
EndGlobal
